
Microsoft Visual Studio Solution File, Format Version 12.00
# Visual Studio 15
VisualStudioVersion = 15.0.28307.902
MinimumVisualStudioVersion = 10.0.40219.1
Project("{FAE04EC0-301F-11D3-BF4B-00C04F79EFBC}") = "Database Part 2 API", "Database Part 2 API\Database Part 2 API.csproj", "{5EDA2A55-7EE3-4AFF-90FC-0A19FB4264C9}"
EndProject
Global
	GlobalSection(SolutionConfigurationPlatforms) = preSolution
		Debug|Any CPU = Debug|Any CPU
		Release|Any CPU = Release|Any CPU
	EndGlobalSection
	GlobalSection(ProjectConfigurationPlatforms) = postSolution
		{5EDA2A55-7EE3-4AFF-90FC-0A19FB4264C9}.Debug|Any CPU.ActiveCfg = Debug|Any CPU
		{5EDA2A55-7EE3-4AFF-90FC-0A19FB4264C9}.Debug|Any CPU.Build.0 = Debug|Any CPU
		{5EDA2A55-7EE3-4AFF-90FC-0A19FB4264C9}.Release|Any CPU.ActiveCfg = Release|Any CPU
		{5EDA2A55-7EE3-4AFF-90FC-0A19FB4264C9}.Release|Any CPU.Build.0 = Release|Any CPU
	EndGlobalSection
	GlobalSection(SolutionProperties) = preSolution
		HideSolutionNode = FALSE
	EndGlobalSection
	GlobalSection(ExtensibilityGlobals) = postSolution
		SolutionGuid = {8E7DCB22-EFFE-4215-AE12-C0426C1409C6}
	EndGlobalSection
EndGlobal
